// !$*UTF8*$!
{
	archiveVersion = 1;
	classes = {
	};
	objectVersion = 50;
	objects = {

/* Begin PBXBuildFile section */
		AE7C1A5A263F39C500874F0A /* AppDelegate.swift in Sources */ = {isa = PBXBuildFile; fileRef = AE7C1A59263F39C500874F0A /* AppDelegate.swift */; };
		AE7C1A5C263F39C500874F0A /* SceneDelegate.swift in Sources */ = {isa = PBXBuildFile; fileRef = AE7C1A5B263F39C500874F0A /* SceneDelegate.swift */; };
		AE7C1A5E263F39C500874F0A /* ContentView.swift in Sources */ = {isa = PBXBuildFile; fileRef = AE7C1A5D263F39C500874F0A /* ContentView.swift */; };
		AE7C1A60263F39C600874F0A /* Assets.xcassets in Resources */ = {isa = PBXBuildFile; fileRef = AE7C1A5F263F39C600874F0A /* Assets.xcassets */; };
		AE7C1A63263F39C600874F0A /* Preview Assets.xcassets in Resources */ = {isa = PBXBuildFile; fileRef = AE7C1A62263F39C600874F0A /* Preview Assets.xcassets */; };
		AE7C1A66263F39C600874F0A /* LaunchScreen.storyboard in Resources */ = {isa = PBXBuildFile; fileRef = AE7C1A64263F39C600874F0A /* LaunchScreen.storyboard */; };
/* End PBXBuildFile section */

/* Begin PBXFileReference section */
		AE7C1A56263F39C500874F0A /* TextInput_SwiftUI.app */ = {isa = PBXFileReference; explicitFileType = wrapper.application; includeInIndex = 0; path = TextInput_SwiftUI.app; sourceTree = BUILT_PRODUCTS_DIR; };
		AE7C1A59263F39C500874F0A /* AppDelegate.swift */ = {isa = PBXFileReference; lastKnownFileType = sourcecode.swift; path = AppDelegate.swift; sourceTree = "<group>"; };
		AE7C1A5B263F39C500874F0A /* SceneDelegate.swift */ = {isa = PBXFileReference; lastKnownFileType = sourcecode.swift; path = SceneDelegate.swift; sourceTree = "<group>"; };
		AE7C1A5D263F39C500874F0A /* ContentView.swift */ = {isa = PBXFileReference; lastKnownFileType = sourcecode.swift; path = ContentView.swift; sourceTree = "<group>"; };
		AE7C1A5F263F39C600874F0A /* Assets.xcassets */ = {isa = PBXFileReference; lastKnownFileType = folder.assetcatalog; path = Assets.xcassets; sourceTree = "<group>"; };
		AE7C1A62263F39C600874F0A /* Preview Assets.xcassets */ = {isa = PBXFileReference; lastKnownFileType = folder.assetcatalog; path = "Preview Assets.xcassets"; sourceTree = "<group>"; };
		AE7C1A65263F39C600874F0A /* Base */ = {isa = PBXFileReference; lastKnownFileType = file.storyboard; name = Base; path = Base.lproj/LaunchScreen.storyboard; sourceTree = "<group>"; };
		AE7C1A67263F39C600874F0A /* Info.plist */ = {isa = PBXFileReference; lastKnownFileType = text.plist.xml; path = Info.plist; sourceTree = "<group>"; };
/* End PBXFileReference section */

/* Begin PBXFrameworksBuildPhase section */
		AE7C1A53263F39C500874F0A /* Frameworks */ = {
			isa = PBXFrameworksBuildPhase;
			buildActionMask = 2147483647;
			files = (
			);
			runOnlyForDeploymentPostprocessing = 0;
		};
/* End PBXFrameworksBuildPhase section */

/* Begin PBXGroup section */
		AE7C1A4D263F39C500874F0A = {
			isa = PBXGroup;
			children = (
				AE7C1A58263F39C500874F0A /* TextInput_SwiftUI */,
				AE7C1A57263F39C500874F0A /* Products */,
			);
			sourceTree = "<group>";
		};
		AE7C1A57263F39C500874F0A /* Products */ = {
			isa = PBXGroup;
			children = (
				AE7C1A56263F39C500874F0A /* TextInput_SwiftUI.app */,
			);
			name = Products;
			sourceTree = "<group>";
		};
		AE7C1A58263F39C500874F0A /* TextInput_SwiftUI */ = {
			isa = PBXGroup;
			children = (
				AE7C1A59263F39C500874F0A /* AppDelegate.swift */,
				AE7C1A5B263F39C500874F0A /* SceneDelegate.swift */,
				AE7C1A5D263F39C500874F0A /* ContentView.swift */,
				AE7C1A5F263F39C600874F0A /* Assets.xcassets */,
				AE7C1A64263F39C600874F0A /* LaunchScreen.storyboard */,
				AE7C1A67263F39C600874F0A /* Info.plist */,
				AE7C1A61263F39C600874F0A /* Preview Content */,
			);
			path = TextInput_SwiftUI;
			sourceTree = "<group>";
		};
		AE7C1A61263F39C600874F0A /* Preview Content */ = {
			isa = PBXGroup;
			children = (
				AE7C1A62263F39C600874F0A /* Preview Assets.xcassets */,
			);
			path = "Preview Content";
			sourceTree = "<group>";
		};
/* End PBXGroup section */

/* Begin PBXNativeTarget section */
		AE7C1A55263F39C500874F0A /* TextInput_SwiftUI */ = {
			isa = PBXNativeTarget;
			buildConfigurationList = AE7C1A6A263F39C600874F0A /* Build configuration list for PBXNativeTarget "TextInput_SwiftUI" */;
			buildPhases = (
				AE7C1A52263F39C500874F0A /* Sources */,
				AE7C1A53263F39C500874F0A /* Frameworks */,
				AE7C1A54263F39C500874F0A /* Resources */,
			);
			buildRules = (
			);
			dependencies = (
			);
			name = TextInput_SwiftUI;
			productName = TextInput_SwiftUI;
			productReference = AE7C1A56263F39C500874F0A /* TextInput_SwiftUI.app */;
			productType = "com.apple.product-type.application";
		};
/* End PBXNativeTarget section */

/* Begin PBXProject section */
		AE7C1A4E263F39C500874F0A /* Project object */ = {
			isa = PBXProject;
			attributes = {
				LastSwiftUpdateCheck = 1240;
				LastUpgradeCheck = 1240;
				TargetAttributes = {
					AE7C1A55263F39C500874F0A = {
						CreatedOnToolsVersion = 12.4;
					};
				};
			};
			buildConfigurationList = AE7C1A51263F39C500874F0A /* Build configuration list for PBXProject "TextInput_SwiftUI" */;
			compatibilityVersion = "Xcode 9.3";
			developmentRegion = en;
			hasScannedForEncodings = 0;
			knownRegions = (
				en,
				Base,
			);
			mainGroup = AE7C1A4D263F39C500874F0A;
			productRefGroup = AE7C1A57263F39C500874F0A /* Products */;
			projectDirPath = "";
			projectRoot = "";
			targets = (
				AE7C1A55263F39C500874F0A /* TextInput_SwiftUI */,
			);
		};
/* End PBXProject section */

/* Begin PBXResourcesBuildPhase section */
		AE7C1A54263F39C500874F0A /* Resources */ = {
			isa = PBXResourcesBuildPhase;
			buildActionMask = 2147483647;
			files = (
				AE7C1A66263F39C600874F0A /* LaunchScreen.storyboard in Resources */,
				AE7C1A63263F39C600874F0A /* Preview Assets.xcassets in Resources */,
				AE7C1A60263F39C600874F0A /* Assets.xcassets in Resources */,
			);
			runOnlyForDeploymentPostprocessing = 0;
		};
/* End PBXResourcesBuildPhase section */

/* Begin PBXSourcesBuildPhase section */
		AE7C1A52263F39C500874F0A /* Sources */ = {
			isa = PBXSourcesBuildPhase;
			buildActionMask = 2147483647;
			files = (
				AE7C1A5A263F39C500874F0A /* AppDelegate.swift in Sources */,
				AE7C1A5C263F39C500874F0A /* SceneDelegate.swift in Sources */,
				AE7C1A5E263F39C500874F0A /* ContentView.swift in Sources */,
			);
			runOnlyForDeploymentPostprocessing = 0;
		};
/* End PBXSourcesBuildPhase section */

/* Begin PBXVariantGroup section */
		AE7C1A64263F39C600874F0A /* LaunchScreen.storyboard */ = {
			isa = PBXVariantGroup;
			children = (
				AE7C1A65263F39C600874F0A /* Base */,
			);
			name = LaunchScreen.storyboard;
			sourceTree = "<group>";
		};
/* End PBXVariantGroup section */

/* Begin XCBuildConfiguration section */
		AE7C1A68263F39C600874F0A /* Debug */ = {
			isa = XCBuildConfiguration;
			buildSettings = {
				ALWAYS_SEARCH_USER_PATHS = NO;
				CLANG_ANALYZER_NONNULL = YES;
				CLANG_ANALYZER_NUMBER_OBJECT_CONVERSION = YES_AGGRESSIVE;
				CLANG_CXX_LANGUAGE_STANDARD = "gnu++14";
				CLANG_CXX_LIBRARY = "libc++";
				CLANG_ENABLE_MODULES = YES;
				CLANG_ENABLE_OBJC_ARC = YES;
				CLANG_ENABLE_OBJC_WEAK = YES;
				CLANG_WARN_BLOCK_CAPTURE_AUTORELEASING = YES;
				CLANG_WARN_BOOL_CONVERSION = YES;
				CLANG_WARN_COMMA = YES;
				CLANG_WARN_CONSTANT_CONVERSION = YES;
				CLANG_WARN_DEPRECATED_OBJC_IMPLEMENTATIONS = YES;
				CLANG_WARN_DIRECT_OBJC_ISA_USAGE = YES_ERROR;
				CLANG_WARN_DOCUMENTATION_COMMENTS = YES;
				CLANG_WARN_EMPTY_BODY = YES;
				CLANG_WARN_ENUM_CONVERSION = YES;
				CLANG_WARN_INFINITE_RECURSION = YES;
				CLANG_WARN_INT_CONVERSION = YES;
				CLANG_WARN_NON_LITERAL_NULL_CONVERSION = YES;
				CLANG_WARN_OBJC_IMPLICIT_RETAIN_SELF = YES;
				CLANG_WARN_OBJC_LITERAL_CONVERSION = YES;
				CLANG_WARN_OBJC_ROOT_CLASS = YES_ERROR;
				CLANG_WARN_QUOTED_INCLUDE_IN_FRAMEWORK_HEADER = YES;
				CLANG_WARN_RANGE_LOOP_ANALYSIS = YES;
				CLANG_WARN_STRICT_PROTOTYPES = YES;
				CLANG_WARN_SUSPICIOUS_MOVE = YES;
				CLANG_WARN_UNGUARDED_AVAILABILITY = YES_AGGRESSIVE;
				CLANG_WARN_UNREACHABLE_CODE = YES;
				CLANG_WARN__DUPLICATE_METHOD_MATCH = YES;
				COPY_PHASE_STRIP = NO;
				DEBUG_INFORMATION_FORMAT = dwarf;
				ENABLE_STRICT_OBJC_MSGSEND = YES;
				ENABLE_TESTABILITY = YES;
				GCC_C_LANGUAGE_STANDARD = gnu11;
				GCC_DYNAMIC_NO_PIC = NO;
				GCC_NO_COMMON_BLOCKS = YES;
				GCC_OPTIMIZATION_LEVEL = 0;
				GCC_PREPROCESSOR_DEFINITIONS = (
					"DEBUG=1",
					"$(inherited)",
				);
				GCC_WARN_64_TO_32_BIT_CONVERSION = YES;
				GCC_WARN_ABOUT_RETURN_TYPE = YES_ERROR;
				GCC_WARN_UNDECLARED_SELECTOR = YES;
				GCC_WARN_UNINITIALIZED_AUTOS = YES_AGGRESSIVE;
				GCC_WARN_UNUSED_FUNCTION = YES;
				GCC_WARN_UNUSED_VARIABLE = YES;
				IPHONEOS_DEPLOYMENT_TARGET = 14.4;
				MTL_ENABLE_DEBUG_INFO = INCLUDE_SOURCE;
				MTL_FAST_MATH = YES;
				ONLY_ACTIVE_ARCH = YES;
				SDKROOT = iphoneos;
				SWIFT_ACTIVE_COMPILATION_CONDITIONS = DEBUG;
				SWIFT_OPTIMIZATION_LEVEL = "-Onone";
			};
			name = Debug;
		};
		AE7C1A69263F39C600874F0A /* Release */ = {
			isa = XCBuildConfiguration;
			buildSettings = {
				ALWAYS_SEARCH_USER_PATHS = NO;
				CLANG_ANALYZER_NONNULL = YES;
				CLANG_ANALYZER_NUMBER_OBJECT_CONVERSION = YES_AGGRESSIVE;
				CLANG_CXX_LANGUAGE_STANDARD = "gnu++14";
				CLANG_CXX_LIBRARY = "libc++";
				CLANG_ENABLE_MODULES = YES;
				CLANG_ENABLE_OBJC_ARC = YES;
				CLANG_ENABLE_OBJC_WEAK = YES;
				CLANG_WARN_BLOCK_CAPTURE_AUTORELEASING = YES;
				CLANG_WARN_BOOL_CONVERSION = YES;
				CLANG_WARN_COMMA = YES;
				CLANG_WARN_CONSTANT_CONVERSION = YES;
				CLANG_WARN_DEPRECATED_OBJC_IMPLEMENTATIONS = YES;
				CLANG_WARN_DIRECT_OBJC_ISA_USAGE = YES_ERROR;
				CLANG_WARN_DOCUMENTATION_COMMENTS = YES;
				CLANG_WARN_EMPTY_BODY = YES;
				CLANG_WARN_ENUM_CONVERSION = YES;
				CLANG_WARN_INFINITE_RECURSION = YES;
				CLANG_WARN_INT_CONVERSION = YES;
				CLANG_WARN_NON_LITERAL_NULL_CONVERSION = YES;
				CLANG_WARN_OBJC_IMPLICIT_RETAIN_SELF = YES;
				CLANG_WARN_OBJC_LITERAL_CONVERSION = YES;
				CLANG_WARN_OBJC_ROOT_CLASS = YES_ERROR;
				CLANG_WARN_QUOTED_INCLUDE_IN_FRAMEWORK_HEADER = YES;
				CLANG_WARN_RANGE_LOOP_ANALYSIS = YES;
				CLANG_WARN_STRICT_PROTOTYPES = YES;
				CLANG_WARN_SUSPICIOUS_MOVE = YES;
				CLANG_WARN_UNGUARDED_AVAILABILITY = YES_AGGRESSIVE;
				CLANG_WARN_UNREACHABLE_CODE = YES;
				CLANG_WARN__DUPLICATE_METHOD_MATCH = YES;
				COPY_PHASE_STRIP = NO;
				DEBUG_INFORMATION_FORMAT = "dwarf-with-dsym";
				ENABLE_NS_ASSERTIONS = NO;
				ENABLE_STRICT_OBJC_MSGSEND = YES;
				GCC_C_LANGUAGE_STANDARD = gnu11;
				GCC_NO_COMMON_BLOCKS = YES;
				GCC_WARN_64_TO_32_BIT_CONVERSION = YES;
				GCC_WARN_ABOUT_RETURN_TYPE = YES_ERROR;
				GCC_WARN_UNDECLARED_SELECTOR = YES;
				GCC_WARN_UNINITIALIZED_AUTOS = YES_AGGRESSIVE;
				GCC_WARN_UNUSED_FUNCTION = YES;
				GCC_WARN_UNUSED_VARIABLE = YES;
				IPHONEOS_DEPLOYMENT_TARGET = 14.4;
				MTL_ENABLE_DEBUG_INFO = NO;
				MTL_FAST_MATH = YES;
				SDKROOT = iphoneos;
				SWIFT_COMPILATION_MODE = wholemodule;
				SWIFT_OPTIMIZATION_LEVEL = "-O";
				VALIDATE_PRODUCT = YES;
			};
			name = Release;
		};
		AE7C1A6B263F39C600874F0A /* Debug */ = {
			isa = XCBuildConfiguration;
			buildSettings = {
				ASSETCATALOG_COMPILER_APPICON_NAME = AppIcon;
				ASSETCATALOG_COMPILER_GLOBAL_ACCENT_COLOR_NAME = AccentColor;
				CODE_SIGN_STYLE = Automatic;
				DEVELOPMENT_ASSET_PATHS = "\"TextInput_SwiftUI/Preview Content\"";
				DEVELOPMENT_TEAM = 8W8VWRB3J6;
				ENABLE_PREVIEWS = YES;
				INFOPLIST_FILE = TextInput_SwiftUI/Info.plist;
				LD_RUNPATH_SEARCH_PATHS = (
					"$(inherited)",
					"@executable_path/Frameworks",
				);
				PRODUCT_BUNDLE_IDENTIFIER = "com.iOS.TextInput-SwiftUI";
				PRODUCT_NAME = "$(TARGET_NAME)";
				SWIFT_VERSION = 5.0;
				TARGETED_DEVICE_FAMILY = "1,2";
			};
			name = Debug;
		};
		AE7C1A6C263F39C600874F0A /* Release */ = {
			isa = XCBuildConfiguration;
			buildSettings = {
				ASSETCATALOG_COMPILER_APPICON_NAME = AppIcon;
				ASSETCATALOG_COMPILER_GLOBAL_ACCENT_COLOR_NAME = AccentColor;
				CODE_SIGN_STYLE = Automatic;
				DEVELOPMENT_ASSET_PATHS = "\"TextInput_SwiftUI/Preview Content\"";
				DEVELOPMENT_TEAM = 8W8VWRB3J6;
				ENABLE_PREVIEWS = YES;
				INFOPLIST_FILE = TextInput_SwiftUI/Info.plist;
				LD_RUNPATH_SEARCH_PATHS = (
					"$(inherited)",
					"@executable_path/Frameworks",
				);
				PRODUCT_BUNDLE_IDENTIFIER = "com.iOS.TextInput-SwiftUI";
				PRODUCT_NAME = "$(TARGET_NAME)";
				SWIFT_VERSION = 5.0;
				TARGETED_DEVICE_FAMILY = "1,2";
			};
			name = Release;
		};
/* End XCBuildConfiguration section */

/* Begin XCConfigurationList section */
		AE7C1A51263F39C500874F0A /* Build configuration list for PBXProject "TextInput_SwiftUI" */ = {
			isa = XCConfigurationList;
			buildConfigurations = (
				AE7C1A68263F39C600874F0A /* Debug */,
				AE7C1A69263F39C600874F0A /* Release */,
			);
			defaultConfigurationIsVisible = 0;
			defaultConfigurationName = Release;
		};
		AE7C1A6A263F39C600874F0A /* Build configuration list for PBXNativeTarget "TextInput_SwiftUI" */ = {
			isa = XCConfigurationList;
			buildConfigurations = (
				AE7C1A6B263F39C600874F0A /* Debug */,
				AE7C1A6C263F39C600874F0A /* Release */,
			);
			defaultConfigurationIsVisible = 0;
			defaultConfigurationName = Release;
		};
/* End XCConfigurationList section */
	};
	rootObject = AE7C1A4E263F39C500874F0A /* Project object */;
}
