// !$*UTF8*$!
{
	archiveVersion = 1;
	classes = {
	};
	objectVersion = 50;
	objects = {

/* Begin PBXBuildFile section */
		AEE06B61263E7C0E00C1FCE1 /* AppDelegate.swift in Sources */ = {isa = PBXBuildFile; fileRef = AEE06B60263E7C0E00C1FCE1 /* AppDelegate.swift */; };
		AEE06B63263E7C0E00C1FCE1 /* SceneDelegate.swift in Sources */ = {isa = PBXBuildFile; fileRef = AEE06B62263E7C0E00C1FCE1 /* SceneDelegate.swift */; };
		AEE06B65263E7C0E00C1FCE1 /* ContentView.swift in Sources */ = {isa = PBXBuildFile; fileRef = AEE06B64263E7C0E00C1FCE1 /* ContentView.swift */; };
		AEE06B67263E7C0E00C1FCE1 /* Assets.xcassets in Resources */ = {isa = PBXBuildFile; fileRef = AEE06B66263E7C0E00C1FCE1 /* Assets.xcassets */; };
		AEE06B6A263E7C0E00C1FCE1 /* Preview Assets.xcassets in Resources */ = {isa = PBXBuildFile; fileRef = AEE06B69263E7C0E00C1FCE1 /* Preview Assets.xcassets */; };
		AEE06B6D263E7C0E00C1FCE1 /* LaunchScreen.storyboard in Resources */ = {isa = PBXBuildFile; fileRef = AEE06B6B263E7C0E00C1FCE1 /* LaunchScreen.storyboard */; };
		AEE06B76263E7E7700C1FCE1 /* MyButtonStyle.swift in Sources */ = {isa = PBXBuildFile; fileRef = AEE06B75263E7E7700C1FCE1 /* MyButtonStyle.swift */; };
/* End PBXBuildFile section */

/* Begin PBXFileReference section */
		AEE06B5D263E7C0E00C1FCE1 /* ButtonStyle_SwiftUI.app */ = {isa = PBXFileReference; explicitFileType = wrapper.application; includeInIndex = 0; path = ButtonStyle_SwiftUI.app; sourceTree = BUILT_PRODUCTS_DIR; };
		AEE06B60263E7C0E00C1FCE1 /* AppDelegate.swift */ = {isa = PBXFileReference; lastKnownFileType = sourcecode.swift; path = AppDelegate.swift; sourceTree = "<group>"; };
		AEE06B62263E7C0E00C1FCE1 /* SceneDelegate.swift */ = {isa = PBXFileReference; lastKnownFileType = sourcecode.swift; path = SceneDelegate.swift; sourceTree = "<group>"; };
		AEE06B64263E7C0E00C1FCE1 /* ContentView.swift */ = {isa = PBXFileReference; lastKnownFileType = sourcecode.swift; path = ContentView.swift; sourceTree = "<group>"; };
		AEE06B66263E7C0E00C1FCE1 /* Assets.xcassets */ = {isa = PBXFileReference; lastKnownFileType = folder.assetcatalog; path = Assets.xcassets; sourceTree = "<group>"; };
		AEE06B69263E7C0E00C1FCE1 /* Preview Assets.xcassets */ = {isa = PBXFileReference; lastKnownFileType = folder.assetcatalog; path = "Preview Assets.xcassets"; sourceTree = "<group>"; };
		AEE06B6C263E7C0E00C1FCE1 /* Base */ = {isa = PBXFileReference; lastKnownFileType = file.storyboard; name = Base; path = Base.lproj/LaunchScreen.storyboard; sourceTree = "<group>"; };
		AEE06B6E263E7C0E00C1FCE1 /* Info.plist */ = {isa = PBXFileReference; lastKnownFileType = text.plist.xml; path = Info.plist; sourceTree = "<group>"; };
		AEE06B75263E7E7700C1FCE1 /* MyButtonStyle.swift */ = {isa = PBXFileReference; lastKnownFileType = sourcecode.swift; path = MyButtonStyle.swift; sourceTree = "<group>"; };
/* End PBXFileReference section */

/* Begin PBXFrameworksBuildPhase section */
		AEE06B5A263E7C0E00C1FCE1 /* Frameworks */ = {
			isa = PBXFrameworksBuildPhase;
			buildActionMask = 2147483647;
			files = (
			);
			runOnlyForDeploymentPostprocessing = 0;
		};
/* End PBXFrameworksBuildPhase section */

/* Begin PBXGroup section */
		AEE06B54263E7C0E00C1FCE1 = {
			isa = PBXGroup;
			children = (
				AEE06B5F263E7C0E00C1FCE1 /* ButtonStyle_SwiftUI */,
				AEE06B5E263E7C0E00C1FCE1 /* Products */,
			);
			sourceTree = "<group>";
		};
		AEE06B5E263E7C0E00C1FCE1 /* Products */ = {
			isa = PBXGroup;
			children = (
				AEE06B5D263E7C0E00C1FCE1 /* ButtonStyle_SwiftUI.app */,
			);
			name = Products;
			sourceTree = "<group>";
		};
		AEE06B5F263E7C0E00C1FCE1 /* ButtonStyle_SwiftUI */ = {
			isa = PBXGroup;
			children = (
				AEE06B60263E7C0E00C1FCE1 /* AppDelegate.swift */,
				AEE06B62263E7C0E00C1FCE1 /* SceneDelegate.swift */,
				AEE06B64263E7C0E00C1FCE1 /* ContentView.swift */,
				AEE06B75263E7E7700C1FCE1 /* MyButtonStyle.swift */,
				AEE06B66263E7C0E00C1FCE1 /* Assets.xcassets */,
				AEE06B6B263E7C0E00C1FCE1 /* LaunchScreen.storyboard */,
				AEE06B6E263E7C0E00C1FCE1 /* Info.plist */,
				AEE06B68263E7C0E00C1FCE1 /* Preview Content */,
			);
			path = ButtonStyle_SwiftUI;
			sourceTree = "<group>";
		};
		AEE06B68263E7C0E00C1FCE1 /* Preview Content */ = {
			isa = PBXGroup;
			children = (
				AEE06B69263E7C0E00C1FCE1 /* Preview Assets.xcassets */,
			);
			path = "Preview Content";
			sourceTree = "<group>";
		};
/* End PBXGroup section */

/* Begin PBXNativeTarget section */
		AEE06B5C263E7C0E00C1FCE1 /* ButtonStyle_SwiftUI */ = {
			isa = PBXNativeTarget;
			buildConfigurationList = AEE06B71263E7C0E00C1FCE1 /* Build configuration list for PBXNativeTarget "ButtonStyle_SwiftUI" */;
			buildPhases = (
				AEE06B59263E7C0E00C1FCE1 /* Sources */,
				AEE06B5A263E7C0E00C1FCE1 /* Frameworks */,
				AEE06B5B263E7C0E00C1FCE1 /* Resources */,
			);
			buildRules = (
			);
			dependencies = (
			);
			name = ButtonStyle_SwiftUI;
			productName = ButtonStyle_SwiftUI;
			productReference = AEE06B5D263E7C0E00C1FCE1 /* ButtonStyle_SwiftUI.app */;
			productType = "com.apple.product-type.application";
		};
/* End PBXNativeTarget section */

/* Begin PBXProject section */
		AEE06B55263E7C0E00C1FCE1 /* Project object */ = {
			isa = PBXProject;
			attributes = {
				LastSwiftUpdateCheck = 1240;
				LastUpgradeCheck = 1240;
				TargetAttributes = {
					AEE06B5C263E7C0E00C1FCE1 = {
						CreatedOnToolsVersion = 12.4;
					};
				};
			};
			buildConfigurationList = AEE06B58263E7C0E00C1FCE1 /* Build configuration list for PBXProject "ButtonStyle_SwiftUI" */;
			compatibilityVersion = "Xcode 9.3";
			developmentRegion = en;
			hasScannedForEncodings = 0;
			knownRegions = (
				en,
				Base,
			);
			mainGroup = AEE06B54263E7C0E00C1FCE1;
			productRefGroup = AEE06B5E263E7C0E00C1FCE1 /* Products */;
			projectDirPath = "";
			projectRoot = "";
			targets = (
				AEE06B5C263E7C0E00C1FCE1 /* ButtonStyle_SwiftUI */,
			);
		};
/* End PBXProject section */

/* Begin PBXResourcesBuildPhase section */
		AEE06B5B263E7C0E00C1FCE1 /* Resources */ = {
			isa = PBXResourcesBuildPhase;
			buildActionMask = 2147483647;
			files = (
				AEE06B6D263E7C0E00C1FCE1 /* LaunchScreen.storyboard in Resources */,
				AEE06B6A263E7C0E00C1FCE1 /* Preview Assets.xcassets in Resources */,
				AEE06B67263E7C0E00C1FCE1 /* Assets.xcassets in Resources */,
			);
			runOnlyForDeploymentPostprocessing = 0;
		};
/* End PBXResourcesBuildPhase section */

/* Begin PBXSourcesBuildPhase section */
		AEE06B59263E7C0E00C1FCE1 /* Sources */ = {
			isa = PBXSourcesBuildPhase;
			buildActionMask = 2147483647;
			files = (
				AEE06B61263E7C0E00C1FCE1 /* AppDelegate.swift in Sources */,
				AEE06B76263E7E7700C1FCE1 /* MyButtonStyle.swift in Sources */,
				AEE06B63263E7C0E00C1FCE1 /* SceneDelegate.swift in Sources */,
				AEE06B65263E7C0E00C1FCE1 /* ContentView.swift in Sources */,
			);
			runOnlyForDeploymentPostprocessing = 0;
		};
/* End PBXSourcesBuildPhase section */

/* Begin PBXVariantGroup section */
		AEE06B6B263E7C0E00C1FCE1 /* LaunchScreen.storyboard */ = {
			isa = PBXVariantGroup;
			children = (
				AEE06B6C263E7C0E00C1FCE1 /* Base */,
			);
			name = LaunchScreen.storyboard;
			sourceTree = "<group>";
		};
/* End PBXVariantGroup section */

/* Begin XCBuildConfiguration section */
		AEE06B6F263E7C0E00C1FCE1 /* Debug */ = {
			isa = XCBuildConfiguration;
			buildSettings = {
				ALWAYS_SEARCH_USER_PATHS = NO;
				CLANG_ANALYZER_NONNULL = YES;
				CLANG_ANALYZER_NUMBER_OBJECT_CONVERSION = YES_AGGRESSIVE;
				CLANG_CXX_LANGUAGE_STANDARD = "gnu++14";
				CLANG_CXX_LIBRARY = "libc++";
				CLANG_ENABLE_MODULES = YES;
				CLANG_ENABLE_OBJC_ARC = YES;
				CLANG_ENABLE_OBJC_WEAK = YES;
				CLANG_WARN_BLOCK_CAPTURE_AUTORELEASING = YES;
				CLANG_WARN_BOOL_CONVERSION = YES;
				CLANG_WARN_COMMA = YES;
				CLANG_WARN_CONSTANT_CONVERSION = YES;
				CLANG_WARN_DEPRECATED_OBJC_IMPLEMENTATIONS = YES;
				CLANG_WARN_DIRECT_OBJC_ISA_USAGE = YES_ERROR;
				CLANG_WARN_DOCUMENTATION_COMMENTS = YES;
				CLANG_WARN_EMPTY_BODY = YES;
				CLANG_WARN_ENUM_CONVERSION = YES;
				CLANG_WARN_INFINITE_RECURSION = YES;
				CLANG_WARN_INT_CONVERSION = YES;
				CLANG_WARN_NON_LITERAL_NULL_CONVERSION = YES;
				CLANG_WARN_OBJC_IMPLICIT_RETAIN_SELF = YES;
				CLANG_WARN_OBJC_LITERAL_CONVERSION = YES;
				CLANG_WARN_OBJC_ROOT_CLASS = YES_ERROR;
				CLANG_WARN_QUOTED_INCLUDE_IN_FRAMEWORK_HEADER = YES;
				CLANG_WARN_RANGE_LOOP_ANALYSIS = YES;
				CLANG_WARN_STRICT_PROTOTYPES = YES;
				CLANG_WARN_SUSPICIOUS_MOVE = YES;
				CLANG_WARN_UNGUARDED_AVAILABILITY = YES_AGGRESSIVE;
				CLANG_WARN_UNREACHABLE_CODE = YES;
				CLANG_WARN__DUPLICATE_METHOD_MATCH = YES;
				COPY_PHASE_STRIP = NO;
				DEBUG_INFORMATION_FORMAT = dwarf;
				ENABLE_STRICT_OBJC_MSGSEND = YES;
				ENABLE_TESTABILITY = YES;
				GCC_C_LANGUAGE_STANDARD = gnu11;
				GCC_DYNAMIC_NO_PIC = NO;
				GCC_NO_COMMON_BLOCKS = YES;
				GCC_OPTIMIZATION_LEVEL = 0;
				GCC_PREPROCESSOR_DEFINITIONS = (
					"DEBUG=1",
					"$(inherited)",
				);
				GCC_WARN_64_TO_32_BIT_CONVERSION = YES;
				GCC_WARN_ABOUT_RETURN_TYPE = YES_ERROR;
				GCC_WARN_UNDECLARED_SELECTOR = YES;
				GCC_WARN_UNINITIALIZED_AUTOS = YES_AGGRESSIVE;
				GCC_WARN_UNUSED_FUNCTION = YES;
				GCC_WARN_UNUSED_VARIABLE = YES;
				IPHONEOS_DEPLOYMENT_TARGET = 14.4;
				MTL_ENABLE_DEBUG_INFO = INCLUDE_SOURCE;
				MTL_FAST_MATH = YES;
				ONLY_ACTIVE_ARCH = YES;
				SDKROOT = iphoneos;
				SWIFT_ACTIVE_COMPILATION_CONDITIONS = DEBUG;
				SWIFT_OPTIMIZATION_LEVEL = "-Onone";
			};
			name = Debug;
		};
		AEE06B70263E7C0E00C1FCE1 /* Release */ = {
			isa = XCBuildConfiguration;
			buildSettings = {
				ALWAYS_SEARCH_USER_PATHS = NO;
				CLANG_ANALYZER_NONNULL = YES;
				CLANG_ANALYZER_NUMBER_OBJECT_CONVERSION = YES_AGGRESSIVE;
				CLANG_CXX_LANGUAGE_STANDARD = "gnu++14";
				CLANG_CXX_LIBRARY = "libc++";
				CLANG_ENABLE_MODULES = YES;
				CLANG_ENABLE_OBJC_ARC = YES;
				CLANG_ENABLE_OBJC_WEAK = YES;
				CLANG_WARN_BLOCK_CAPTURE_AUTORELEASING = YES;
				CLANG_WARN_BOOL_CONVERSION = YES;
				CLANG_WARN_COMMA = YES;
				CLANG_WARN_CONSTANT_CONVERSION = YES;
				CLANG_WARN_DEPRECATED_OBJC_IMPLEMENTATIONS = YES;
				CLANG_WARN_DIRECT_OBJC_ISA_USAGE = YES_ERROR;
				CLANG_WARN_DOCUMENTATION_COMMENTS = YES;
				CLANG_WARN_EMPTY_BODY = YES;
				CLANG_WARN_ENUM_CONVERSION = YES;
				CLANG_WARN_INFINITE_RECURSION = YES;
				CLANG_WARN_INT_CONVERSION = YES;
				CLANG_WARN_NON_LITERAL_NULL_CONVERSION = YES;
				CLANG_WARN_OBJC_IMPLICIT_RETAIN_SELF = YES;
				CLANG_WARN_OBJC_LITERAL_CONVERSION = YES;
				CLANG_WARN_OBJC_ROOT_CLASS = YES_ERROR;
				CLANG_WARN_QUOTED_INCLUDE_IN_FRAMEWORK_HEADER = YES;
				CLANG_WARN_RANGE_LOOP_ANALYSIS = YES;
				CLANG_WARN_STRICT_PROTOTYPES = YES;
				CLANG_WARN_SUSPICIOUS_MOVE = YES;
				CLANG_WARN_UNGUARDED_AVAILABILITY = YES_AGGRESSIVE;
				CLANG_WARN_UNREACHABLE_CODE = YES;
				CLANG_WARN__DUPLICATE_METHOD_MATCH = YES;
				COPY_PHASE_STRIP = NO;
				DEBUG_INFORMATION_FORMAT = "dwarf-with-dsym";
				ENABLE_NS_ASSERTIONS = NO;
				ENABLE_STRICT_OBJC_MSGSEND = YES;
				GCC_C_LANGUAGE_STANDARD = gnu11;
				GCC_NO_COMMON_BLOCKS = YES;
				GCC_WARN_64_TO_32_BIT_CONVERSION = YES;
				GCC_WARN_ABOUT_RETURN_TYPE = YES_ERROR;
				GCC_WARN_UNDECLARED_SELECTOR = YES;
				GCC_WARN_UNINITIALIZED_AUTOS = YES_AGGRESSIVE;
				GCC_WARN_UNUSED_FUNCTION = YES;
				GCC_WARN_UNUSED_VARIABLE = YES;
				IPHONEOS_DEPLOYMENT_TARGET = 14.4;
				MTL_ENABLE_DEBUG_INFO = NO;
				MTL_FAST_MATH = YES;
				SDKROOT = iphoneos;
				SWIFT_COMPILATION_MODE = wholemodule;
				SWIFT_OPTIMIZATION_LEVEL = "-O";
				VALIDATE_PRODUCT = YES;
			};
			name = Release;
		};
		AEE06B72263E7C0E00C1FCE1 /* Debug */ = {
			isa = XCBuildConfiguration;
			buildSettings = {
				ASSETCATALOG_COMPILER_APPICON_NAME = AppIcon;
				ASSETCATALOG_COMPILER_GLOBAL_ACCENT_COLOR_NAME = AccentColor;
				CODE_SIGN_STYLE = Automatic;
				DEVELOPMENT_ASSET_PATHS = "\"ButtonStyle_SwiftUI/Preview Content\"";
				DEVELOPMENT_TEAM = 8W8VWRB3J6;
				ENABLE_PREVIEWS = YES;
				INFOPLIST_FILE = ButtonStyle_SwiftUI/Info.plist;
				LD_RUNPATH_SEARCH_PATHS = (
					"$(inherited)",
					"@executable_path/Frameworks",
				);
				PRODUCT_BUNDLE_IDENTIFIER = "com.iOS.ButtonStyle-SwiftUI";
				PRODUCT_NAME = "$(TARGET_NAME)";
				SWIFT_VERSION = 5.0;
				TARGETED_DEVICE_FAMILY = "1,2";
			};
			name = Debug;
		};
		AEE06B73263E7C0E00C1FCE1 /* Release */ = {
			isa = XCBuildConfiguration;
			buildSettings = {
				ASSETCATALOG_COMPILER_APPICON_NAME = AppIcon;
				ASSETCATALOG_COMPILER_GLOBAL_ACCENT_COLOR_NAME = AccentColor;
				CODE_SIGN_STYLE = Automatic;
				DEVELOPMENT_ASSET_PATHS = "\"ButtonStyle_SwiftUI/Preview Content\"";
				DEVELOPMENT_TEAM = 8W8VWRB3J6;
				ENABLE_PREVIEWS = YES;
				INFOPLIST_FILE = ButtonStyle_SwiftUI/Info.plist;
				LD_RUNPATH_SEARCH_PATHS = (
					"$(inherited)",
					"@executable_path/Frameworks",
				);
				PRODUCT_BUNDLE_IDENTIFIER = "com.iOS.ButtonStyle-SwiftUI";
				PRODUCT_NAME = "$(TARGET_NAME)";
				SWIFT_VERSION = 5.0;
				TARGETED_DEVICE_FAMILY = "1,2";
			};
			name = Release;
		};
/* End XCBuildConfiguration section */

/* Begin XCConfigurationList section */
		AEE06B58263E7C0E00C1FCE1 /* Build configuration list for PBXProject "ButtonStyle_SwiftUI" */ = {
			isa = XCConfigurationList;
			buildConfigurations = (
				AEE06B6F263E7C0E00C1FCE1 /* Debug */,
				AEE06B70263E7C0E00C1FCE1 /* Release */,
			);
			defaultConfigurationIsVisible = 0;
			defaultConfigurationName = Release;
		};
		AEE06B71263E7C0E00C1FCE1 /* Build configuration list for PBXNativeTarget "ButtonStyle_SwiftUI" */ = {
			isa = XCConfigurationList;
			buildConfigurations = (
				AEE06B72263E7C0E00C1FCE1 /* Debug */,
				AEE06B73263E7C0E00C1FCE1 /* Release */,
			);
			defaultConfigurationIsVisible = 0;
			defaultConfigurationName = Release;
		};
/* End XCConfigurationList section */
	};
	rootObject = AEE06B55263E7C0E00C1FCE1 /* Project object */;
}
