// !$*UTF8*$!
{
	archiveVersion = 1;
	classes = {
	};
	objectVersion = 50;
	objects = {

/* Begin PBXBuildFile section */
		AE37EFC42643C15800FBB3C5 /* AppDelegate.swift in Sources */ = {isa = PBXBuildFile; fileRef = AE37EFC32643C15800FBB3C5 /* AppDelegate.swift */; };
		AE37EFC62643C15800FBB3C5 /* SceneDelegate.swift in Sources */ = {isa = PBXBuildFile; fileRef = AE37EFC52643C15800FBB3C5 /* SceneDelegate.swift */; };
		AE37EFC82643C15800FBB3C5 /* ContentView.swift in Sources */ = {isa = PBXBuildFile; fileRef = AE37EFC72643C15800FBB3C5 /* ContentView.swift */; };
		AE37EFCA2643C15900FBB3C5 /* Assets.xcassets in Resources */ = {isa = PBXBuildFile; fileRef = AE37EFC92643C15900FBB3C5 /* Assets.xcassets */; };
		AE37EFCD2643C15900FBB3C5 /* Preview Assets.xcassets in Resources */ = {isa = PBXBuildFile; fileRef = AE37EFCC2643C15900FBB3C5 /* Preview Assets.xcassets */; };
		AE37EFD02643C15900FBB3C5 /* LaunchScreen.storyboard in Resources */ = {isa = PBXBuildFile; fileRef = AE37EFCE2643C15900FBB3C5 /* LaunchScreen.storyboard */; };
		AEAC462D26462CFF0054E75A /* MyFilteredList.swift in Sources */ = {isa = PBXBuildFile; fileRef = AEAC462C26462CFF0054E75A /* MyFilteredList.swift */; };
/* End PBXBuildFile section */

/* Begin PBXFileReference section */
		AE37EFC02643C15800FBB3C5 /* Piker_swiftUI_tutorial.app */ = {isa = PBXFileReference; explicitFileType = wrapper.application; includeInIndex = 0; path = Piker_swiftUI_tutorial.app; sourceTree = BUILT_PRODUCTS_DIR; };
		AE37EFC32643C15800FBB3C5 /* AppDelegate.swift */ = {isa = PBXFileReference; lastKnownFileType = sourcecode.swift; path = AppDelegate.swift; sourceTree = "<group>"; };
		AE37EFC52643C15800FBB3C5 /* SceneDelegate.swift */ = {isa = PBXFileReference; lastKnownFileType = sourcecode.swift; path = SceneDelegate.swift; sourceTree = "<group>"; };
		AE37EFC72643C15800FBB3C5 /* ContentView.swift */ = {isa = PBXFileReference; lastKnownFileType = sourcecode.swift; path = ContentView.swift; sourceTree = "<group>"; };
		AE37EFC92643C15900FBB3C5 /* Assets.xcassets */ = {isa = PBXFileReference; lastKnownFileType = folder.assetcatalog; path = Assets.xcassets; sourceTree = "<group>"; };
		AE37EFCC2643C15900FBB3C5 /* Preview Assets.xcassets */ = {isa = PBXFileReference; lastKnownFileType = folder.assetcatalog; path = "Preview Assets.xcassets"; sourceTree = "<group>"; };
		AE37EFCF2643C15900FBB3C5 /* Base */ = {isa = PBXFileReference; lastKnownFileType = file.storyboard; name = Base; path = Base.lproj/LaunchScreen.storyboard; sourceTree = "<group>"; };
		AE37EFD12643C15900FBB3C5 /* Info.plist */ = {isa = PBXFileReference; lastKnownFileType = text.plist.xml; path = Info.plist; sourceTree = "<group>"; };
		AEAC462C26462CFF0054E75A /* MyFilteredList.swift */ = {isa = PBXFileReference; lastKnownFileType = sourcecode.swift; path = MyFilteredList.swift; sourceTree = "<group>"; };
/* End PBXFileReference section */

/* Begin PBXFrameworksBuildPhase section */
		AE37EFBD2643C15800FBB3C5 /* Frameworks */ = {
			isa = PBXFrameworksBuildPhase;
			buildActionMask = 2147483647;
			files = (
			);
			runOnlyForDeploymentPostprocessing = 0;
		};
/* End PBXFrameworksBuildPhase section */

/* Begin PBXGroup section */
		AE37EFB72643C15800FBB3C5 = {
			isa = PBXGroup;
			children = (
				AE37EFC22643C15800FBB3C5 /* Piker_swiftUI_tutorial */,
				AE37EFC12643C15800FBB3C5 /* Products */,
			);
			sourceTree = "<group>";
		};
		AE37EFC12643C15800FBB3C5 /* Products */ = {
			isa = PBXGroup;
			children = (
				AE37EFC02643C15800FBB3C5 /* Piker_swiftUI_tutorial.app */,
			);
			name = Products;
			sourceTree = "<group>";
		};
		AE37EFC22643C15800FBB3C5 /* Piker_swiftUI_tutorial */ = {
			isa = PBXGroup;
			children = (
				AE37EFC32643C15800FBB3C5 /* AppDelegate.swift */,
				AE37EFC52643C15800FBB3C5 /* SceneDelegate.swift */,
				AE37EFC72643C15800FBB3C5 /* ContentView.swift */,
				AEAC462C26462CFF0054E75A /* MyFilteredList.swift */,
				AE37EFC92643C15900FBB3C5 /* Assets.xcassets */,
				AE37EFCE2643C15900FBB3C5 /* LaunchScreen.storyboard */,
				AE37EFD12643C15900FBB3C5 /* Info.plist */,
				AE37EFCB2643C15900FBB3C5 /* Preview Content */,
			);
			path = Piker_swiftUI_tutorial;
			sourceTree = "<group>";
		};
		AE37EFCB2643C15900FBB3C5 /* Preview Content */ = {
			isa = PBXGroup;
			children = (
				AE37EFCC2643C15900FBB3C5 /* Preview Assets.xcassets */,
			);
			path = "Preview Content";
			sourceTree = "<group>";
		};
/* End PBXGroup section */

/* Begin PBXNativeTarget section */
		AE37EFBF2643C15800FBB3C5 /* Piker_swiftUI_tutorial */ = {
			isa = PBXNativeTarget;
			buildConfigurationList = AE37EFD42643C15900FBB3C5 /* Build configuration list for PBXNativeTarget "Piker_swiftUI_tutorial" */;
			buildPhases = (
				AE37EFBC2643C15800FBB3C5 /* Sources */,
				AE37EFBD2643C15800FBB3C5 /* Frameworks */,
				AE37EFBE2643C15800FBB3C5 /* Resources */,
			);
			buildRules = (
			);
			dependencies = (
			);
			name = Piker_swiftUI_tutorial;
			productName = Piker_swiftUI_tutorial;
			productReference = AE37EFC02643C15800FBB3C5 /* Piker_swiftUI_tutorial.app */;
			productType = "com.apple.product-type.application";
		};
/* End PBXNativeTarget section */

/* Begin PBXProject section */
		AE37EFB82643C15800FBB3C5 /* Project object */ = {
			isa = PBXProject;
			attributes = {
				LastSwiftUpdateCheck = 1240;
				LastUpgradeCheck = 1240;
				TargetAttributes = {
					AE37EFBF2643C15800FBB3C5 = {
						CreatedOnToolsVersion = 12.4;
					};
				};
			};
			buildConfigurationList = AE37EFBB2643C15800FBB3C5 /* Build configuration list for PBXProject "Piker_swiftUI_tutorial" */;
			compatibilityVersion = "Xcode 9.3";
			developmentRegion = en;
			hasScannedForEncodings = 0;
			knownRegions = (
				en,
				Base,
			);
			mainGroup = AE37EFB72643C15800FBB3C5;
			productRefGroup = AE37EFC12643C15800FBB3C5 /* Products */;
			projectDirPath = "";
			projectRoot = "";
			targets = (
				AE37EFBF2643C15800FBB3C5 /* Piker_swiftUI_tutorial */,
			);
		};
/* End PBXProject section */

/* Begin PBXResourcesBuildPhase section */
		AE37EFBE2643C15800FBB3C5 /* Resources */ = {
			isa = PBXResourcesBuildPhase;
			buildActionMask = 2147483647;
			files = (
				AE37EFD02643C15900FBB3C5 /* LaunchScreen.storyboard in Resources */,
				AE37EFCD2643C15900FBB3C5 /* Preview Assets.xcassets in Resources */,
				AE37EFCA2643C15900FBB3C5 /* Assets.xcassets in Resources */,
			);
			runOnlyForDeploymentPostprocessing = 0;
		};
/* End PBXResourcesBuildPhase section */

/* Begin PBXSourcesBuildPhase section */
		AE37EFBC2643C15800FBB3C5 /* Sources */ = {
			isa = PBXSourcesBuildPhase;
			buildActionMask = 2147483647;
			files = (
				AEAC462D26462CFF0054E75A /* MyFilteredList.swift in Sources */,
				AE37EFC42643C15800FBB3C5 /* AppDelegate.swift in Sources */,
				AE37EFC62643C15800FBB3C5 /* SceneDelegate.swift in Sources */,
				AE37EFC82643C15800FBB3C5 /* ContentView.swift in Sources */,
			);
			runOnlyForDeploymentPostprocessing = 0;
		};
/* End PBXSourcesBuildPhase section */

/* Begin PBXVariantGroup section */
		AE37EFCE2643C15900FBB3C5 /* LaunchScreen.storyboard */ = {
			isa = PBXVariantGroup;
			children = (
				AE37EFCF2643C15900FBB3C5 /* Base */,
			);
			name = LaunchScreen.storyboard;
			sourceTree = "<group>";
		};
/* End PBXVariantGroup section */

/* Begin XCBuildConfiguration section */
		AE37EFD22643C15900FBB3C5 /* Debug */ = {
			isa = XCBuildConfiguration;
			buildSettings = {
				ALWAYS_SEARCH_USER_PATHS = NO;
				CLANG_ANALYZER_NONNULL = YES;
				CLANG_ANALYZER_NUMBER_OBJECT_CONVERSION = YES_AGGRESSIVE;
				CLANG_CXX_LANGUAGE_STANDARD = "gnu++14";
				CLANG_CXX_LIBRARY = "libc++";
				CLANG_ENABLE_MODULES = YES;
				CLANG_ENABLE_OBJC_ARC = YES;
				CLANG_ENABLE_OBJC_WEAK = YES;
				CLANG_WARN_BLOCK_CAPTURE_AUTORELEASING = YES;
				CLANG_WARN_BOOL_CONVERSION = YES;
				CLANG_WARN_COMMA = YES;
				CLANG_WARN_CONSTANT_CONVERSION = YES;
				CLANG_WARN_DEPRECATED_OBJC_IMPLEMENTATIONS = YES;
				CLANG_WARN_DIRECT_OBJC_ISA_USAGE = YES_ERROR;
				CLANG_WARN_DOCUMENTATION_COMMENTS = YES;
				CLANG_WARN_EMPTY_BODY = YES;
				CLANG_WARN_ENUM_CONVERSION = YES;
				CLANG_WARN_INFINITE_RECURSION = YES;
				CLANG_WARN_INT_CONVERSION = YES;
				CLANG_WARN_NON_LITERAL_NULL_CONVERSION = YES;
				CLANG_WARN_OBJC_IMPLICIT_RETAIN_SELF = YES;
				CLANG_WARN_OBJC_LITERAL_CONVERSION = YES;
				CLANG_WARN_OBJC_ROOT_CLASS = YES_ERROR;
				CLANG_WARN_QUOTED_INCLUDE_IN_FRAMEWORK_HEADER = YES;
				CLANG_WARN_RANGE_LOOP_ANALYSIS = YES;
				CLANG_WARN_STRICT_PROTOTYPES = YES;
				CLANG_WARN_SUSPICIOUS_MOVE = YES;
				CLANG_WARN_UNGUARDED_AVAILABILITY = YES_AGGRESSIVE;
				CLANG_WARN_UNREACHABLE_CODE = YES;
				CLANG_WARN__DUPLICATE_METHOD_MATCH = YES;
				COPY_PHASE_STRIP = NO;
				DEBUG_INFORMATION_FORMAT = dwarf;
				ENABLE_STRICT_OBJC_MSGSEND = YES;
				ENABLE_TESTABILITY = YES;
				GCC_C_LANGUAGE_STANDARD = gnu11;
				GCC_DYNAMIC_NO_PIC = NO;
				GCC_NO_COMMON_BLOCKS = YES;
				GCC_OPTIMIZATION_LEVEL = 0;
				GCC_PREPROCESSOR_DEFINITIONS = (
					"DEBUG=1",
					"$(inherited)",
				);
				GCC_WARN_64_TO_32_BIT_CONVERSION = YES;
				GCC_WARN_ABOUT_RETURN_TYPE = YES_ERROR;
				GCC_WARN_UNDECLARED_SELECTOR = YES;
				GCC_WARN_UNINITIALIZED_AUTOS = YES_AGGRESSIVE;
				GCC_WARN_UNUSED_FUNCTION = YES;
				GCC_WARN_UNUSED_VARIABLE = YES;
				IPHONEOS_DEPLOYMENT_TARGET = 14.4;
				MTL_ENABLE_DEBUG_INFO = INCLUDE_SOURCE;
				MTL_FAST_MATH = YES;
				ONLY_ACTIVE_ARCH = YES;
				SDKROOT = iphoneos;
				SWIFT_ACTIVE_COMPILATION_CONDITIONS = DEBUG;
				SWIFT_OPTIMIZATION_LEVEL = "-Onone";
			};
			name = Debug;
		};
		AE37EFD32643C15900FBB3C5 /* Release */ = {
			isa = XCBuildConfiguration;
			buildSettings = {
				ALWAYS_SEARCH_USER_PATHS = NO;
				CLANG_ANALYZER_NONNULL = YES;
				CLANG_ANALYZER_NUMBER_OBJECT_CONVERSION = YES_AGGRESSIVE;
				CLANG_CXX_LANGUAGE_STANDARD = "gnu++14";
				CLANG_CXX_LIBRARY = "libc++";
				CLANG_ENABLE_MODULES = YES;
				CLANG_ENABLE_OBJC_ARC = YES;
				CLANG_ENABLE_OBJC_WEAK = YES;
				CLANG_WARN_BLOCK_CAPTURE_AUTORELEASING = YES;
				CLANG_WARN_BOOL_CONVERSION = YES;
				CLANG_WARN_COMMA = YES;
				CLANG_WARN_CONSTANT_CONVERSION = YES;
				CLANG_WARN_DEPRECATED_OBJC_IMPLEMENTATIONS = YES;
				CLANG_WARN_DIRECT_OBJC_ISA_USAGE = YES_ERROR;
				CLANG_WARN_DOCUMENTATION_COMMENTS = YES;
				CLANG_WARN_EMPTY_BODY = YES;
				CLANG_WARN_ENUM_CONVERSION = YES;
				CLANG_WARN_INFINITE_RECURSION = YES;
				CLANG_WARN_INT_CONVERSION = YES;
				CLANG_WARN_NON_LITERAL_NULL_CONVERSION = YES;
				CLANG_WARN_OBJC_IMPLICIT_RETAIN_SELF = YES;
				CLANG_WARN_OBJC_LITERAL_CONVERSION = YES;
				CLANG_WARN_OBJC_ROOT_CLASS = YES_ERROR;
				CLANG_WARN_QUOTED_INCLUDE_IN_FRAMEWORK_HEADER = YES;
				CLANG_WARN_RANGE_LOOP_ANALYSIS = YES;
				CLANG_WARN_STRICT_PROTOTYPES = YES;
				CLANG_WARN_SUSPICIOUS_MOVE = YES;
				CLANG_WARN_UNGUARDED_AVAILABILITY = YES_AGGRESSIVE;
				CLANG_WARN_UNREACHABLE_CODE = YES;
				CLANG_WARN__DUPLICATE_METHOD_MATCH = YES;
				COPY_PHASE_STRIP = NO;
				DEBUG_INFORMATION_FORMAT = "dwarf-with-dsym";
				ENABLE_NS_ASSERTIONS = NO;
				ENABLE_STRICT_OBJC_MSGSEND = YES;
				GCC_C_LANGUAGE_STANDARD = gnu11;
				GCC_NO_COMMON_BLOCKS = YES;
				GCC_WARN_64_TO_32_BIT_CONVERSION = YES;
				GCC_WARN_ABOUT_RETURN_TYPE = YES_ERROR;
				GCC_WARN_UNDECLARED_SELECTOR = YES;
				GCC_WARN_UNINITIALIZED_AUTOS = YES_AGGRESSIVE;
				GCC_WARN_UNUSED_FUNCTION = YES;
				GCC_WARN_UNUSED_VARIABLE = YES;
				IPHONEOS_DEPLOYMENT_TARGET = 14.4;
				MTL_ENABLE_DEBUG_INFO = NO;
				MTL_FAST_MATH = YES;
				SDKROOT = iphoneos;
				SWIFT_COMPILATION_MODE = wholemodule;
				SWIFT_OPTIMIZATION_LEVEL = "-O";
				VALIDATE_PRODUCT = YES;
			};
			name = Release;
		};
		AE37EFD52643C15900FBB3C5 /* Debug */ = {
			isa = XCBuildConfiguration;
			buildSettings = {
				ASSETCATALOG_COMPILER_APPICON_NAME = AppIcon;
				ASSETCATALOG_COMPILER_GLOBAL_ACCENT_COLOR_NAME = AccentColor;
				CODE_SIGN_STYLE = Automatic;
				DEVELOPMENT_ASSET_PATHS = "\"Piker_swiftUI_tutorial/Preview Content\"";
				DEVELOPMENT_TEAM = 8W8VWRB3J6;
				ENABLE_PREVIEWS = YES;
				INFOPLIST_FILE = Piker_swiftUI_tutorial/Info.plist;
				LD_RUNPATH_SEARCH_PATHS = (
					"$(inherited)",
					"@executable_path/Frameworks",
				);
				PRODUCT_BUNDLE_IDENTIFIER = "com.iOS.Piker-swiftUI-tutorial";
				PRODUCT_NAME = "$(TARGET_NAME)";
				SWIFT_VERSION = 5.0;
				TARGETED_DEVICE_FAMILY = "1,2";
			};
			name = Debug;
		};
		AE37EFD62643C15900FBB3C5 /* Release */ = {
			isa = XCBuildConfiguration;
			buildSettings = {
				ASSETCATALOG_COMPILER_APPICON_NAME = AppIcon;
				ASSETCATALOG_COMPILER_GLOBAL_ACCENT_COLOR_NAME = AccentColor;
				CODE_SIGN_STYLE = Automatic;
				DEVELOPMENT_ASSET_PATHS = "\"Piker_swiftUI_tutorial/Preview Content\"";
				DEVELOPMENT_TEAM = 8W8VWRB3J6;
				ENABLE_PREVIEWS = YES;
				INFOPLIST_FILE = Piker_swiftUI_tutorial/Info.plist;
				LD_RUNPATH_SEARCH_PATHS = (
					"$(inherited)",
					"@executable_path/Frameworks",
				);
				PRODUCT_BUNDLE_IDENTIFIER = "com.iOS.Piker-swiftUI-tutorial";
				PRODUCT_NAME = "$(TARGET_NAME)";
				SWIFT_VERSION = 5.0;
				TARGETED_DEVICE_FAMILY = "1,2";
			};
			name = Release;
		};
/* End XCBuildConfiguration section */

/* Begin XCConfigurationList section */
		AE37EFBB2643C15800FBB3C5 /* Build configuration list for PBXProject "Piker_swiftUI_tutorial" */ = {
			isa = XCConfigurationList;
			buildConfigurations = (
				AE37EFD22643C15900FBB3C5 /* Debug */,
				AE37EFD32643C15900FBB3C5 /* Release */,
			);
			defaultConfigurationIsVisible = 0;
			defaultConfigurationName = Release;
		};
		AE37EFD42643C15900FBB3C5 /* Build configuration list for PBXNativeTarget "Piker_swiftUI_tutorial" */ = {
			isa = XCConfigurationList;
			buildConfigurations = (
				AE37EFD52643C15900FBB3C5 /* Debug */,
				AE37EFD62643C15900FBB3C5 /* Release */,
			);
			defaultConfigurationIsVisible = 0;
			defaultConfigurationName = Release;
		};
/* End XCConfigurationList section */
	};
	rootObject = AE37EFB82643C15800FBB3C5 /* Project object */;
}
